// !$*UTF8*$!
{
	archiveVersion = 1;
	classes = {
	};
	objectVersion = 56;
	objects = {

/* Begin PBXBuildFile section */
		D93B1AAA2B038F0D0068BE93 /* FitnessApp.swift in Sources */ = {isa = PBXBuildFile; fileRef = D93B1AA92B038F0D0068BE93 /* FitnessApp.swift */; };
		D93B1AAC2B038F0D0068BE93 /* ContentView.swift in Sources */ = {isa = PBXBuildFile; fileRef = D93B1AAB2B038F0D0068BE93 /* ContentView.swift */; };
		D93B1AAE2B038F0F0068BE93 /* Assets.xcassets in Resources */ = {isa = PBXBuildFile; fileRef = D93B1AAD2B038F0F0068BE93 /* Assets.xcassets */; };
		D93B1AB12B038F0F0068BE93 /* Preview Assets.xcassets in Resources */ = {isa = PBXBuildFile; fileRef = D93B1AB02B038F0F0068BE93 /* Preview Assets.xcassets */; };
		D93B1ABB2B038F0F0068BE93 /* FitnessTests.swift in Sources */ = {isa = PBXBuildFile; fileRef = D93B1ABA2B038F0F0068BE93 /* FitnessTests.swift */; };
		D93B1AC52B038F0F0068BE93 /* FitnessUITests.swift in Sources */ = {isa = PBXBuildFile; fileRef = D93B1AC42B038F0F0068BE93 /* FitnessUITests.swift */; };
		D93B1AC72B038F0F0068BE93 /* FitnessUITestsLaunchTests.swift in Sources */ = {isa = PBXBuildFile; fileRef = D93B1AC62B038F0F0068BE93 /* FitnessUITestsLaunchTests.swift */; };
		D93B1AD42B03CB630068BE93 /* SummaryView.swift in Sources */ = {isa = PBXBuildFile; fileRef = D93B1AD32B03CB630068BE93 /* SummaryView.swift */; };
		D93B1AD62B04BEE80068BE93 /* ActivityView.swift in Sources */ = {isa = PBXBuildFile; fileRef = D93B1AD52B04BEE80068BE93 /* ActivityView.swift */; };
		D93B1AD82B04C9070068BE93 /* Extensions.swift in Sources */ = {isa = PBXBuildFile; fileRef = D93B1AD72B04C9070068BE93 /* Extensions.swift */; };
		D94775032B0613F0002F1E37 /* CircleView.swift in Sources */ = {isa = PBXBuildFile; fileRef = D94775022B0613F0002F1E37 /* CircleView.swift */; };
		D94775092B06336A002F1E37 /* GraphView.swift in Sources */ = {isa = PBXBuildFile; fileRef = D94775082B06336A002F1E37 /* GraphView.swift */; };
		D947750B2B06D281002F1E37 /* ActivityViewModel.swift in Sources */ = {isa = PBXBuildFile; fileRef = D947750A2B06D281002F1E37 /* ActivityViewModel.swift */; };
		D94775102B07B069002F1E37 /* FooterView.swift in Sources */ = {isa = PBXBuildFile; fileRef = D947750F2B07B069002F1E37 /* FooterView.swift */; };
		D94775132B08E8D4002F1E37 /* SwiftUICharts in Frameworks */ = {isa = PBXBuildFile; productRef = D94775122B08E8D4002F1E37 /* SwiftUICharts */; };
		D94775152B08E982002F1E37 /* NavBarView.swift in Sources */ = {isa = PBXBuildFile; fileRef = D94775142B08E982002F1E37 /* NavBarView.swift */; };
		D947751E2B0C1659002F1E37 /* GifView.swift in Sources */ = {isa = PBXBuildFile; fileRef = D947751D2B0C1659002F1E37 /* GifView.swift */; };
		D94775262B0C1D0B002F1E37 /* walking2.gif in Resources */ = {isa = PBXBuildFile; fileRef = D94775252B0C1D0B002F1E37 /* walking2.gif */; };
		D9A34F372B0D079A0004B5EE /* Step.swift in Sources */ = {isa = PBXBuildFile; fileRef = D9A34F362B0D079A0004B5EE /* Step.swift */; };
		D9F6D5512B0CF98500E06871 /* HealthStore.swift in Sources */ = {isa = PBXBuildFile; fileRef = D9F6D5502B0CF98500E06871 /* HealthStore.swift */; };
/* End PBXBuildFile section */

/* Begin PBXContainerItemProxy section */
		D93B1AB72B038F0F0068BE93 /* PBXContainerItemProxy */ = {
			isa = PBXContainerItemProxy;
			containerPortal = D93B1A9E2B038F0D0068BE93 /* Project object */;
			proxyType = 1;
			remoteGlobalIDString = D93B1AA52B038F0D0068BE93;
			remoteInfo = Fitness;
		};
		D93B1AC12B038F0F0068BE93 /* PBXContainerItemProxy */ = {
			isa = PBXContainerItemProxy;
			containerPortal = D93B1A9E2B038F0D0068BE93 /* Project object */;
			proxyType = 1;
			remoteGlobalIDString = D93B1AA52B038F0D0068BE93;
			remoteInfo = Fitness;
		};
/* End PBXContainerItemProxy section */

/* Begin PBXFileReference section */
		D93B1AA62B038F0D0068BE93 /* Fitness.app */ = {isa = PBXFileReference; explicitFileType = wrapper.application; includeInIndex = 0; path = Fitness.app; sourceTree = BUILT_PRODUCTS_DIR; };
		D93B1AA92B038F0D0068BE93 /* FitnessApp.swift */ = {isa = PBXFileReference; lastKnownFileType = sourcecode.swift; path = FitnessApp.swift; sourceTree = "<group>"; };
		D93B1AAB2B038F0D0068BE93 /* ContentView.swift */ = {isa = PBXFileReference; lastKnownFileType = sourcecode.swift; path = ContentView.swift; sourceTree = "<group>"; };
		D93B1AAD2B038F0F0068BE93 /* Assets.xcassets */ = {isa = PBXFileReference; lastKnownFileType = folder.assetcatalog; path = Assets.xcassets; sourceTree = "<group>"; };
		D93B1AB02B038F0F0068BE93 /* Preview Assets.xcassets */ = {isa = PBXFileReference; lastKnownFileType = folder.assetcatalog; path = "Preview Assets.xcassets"; sourceTree = "<group>"; };
		D93B1AB62B038F0F0068BE93 /* FitnessTests.xctest */ = {isa = PBXFileReference; explicitFileType = wrapper.cfbundle; includeInIndex = 0; path = FitnessTests.xctest; sourceTree = BUILT_PRODUCTS_DIR; };
		D93B1ABA2B038F0F0068BE93 /* FitnessTests.swift */ = {isa = PBXFileReference; lastKnownFileType = sourcecode.swift; path = FitnessTests.swift; sourceTree = "<group>"; };
		D93B1AC02B038F0F0068BE93 /* FitnessUITests.xctest */ = {isa = PBXFileReference; explicitFileType = wrapper.cfbundle; includeInIndex = 0; path = FitnessUITests.xctest; sourceTree = BUILT_PRODUCTS_DIR; };
		D93B1AC42B038F0F0068BE93 /* FitnessUITests.swift */ = {isa = PBXFileReference; lastKnownFileType = sourcecode.swift; path = FitnessUITests.swift; sourceTree = "<group>"; };
		D93B1AC62B038F0F0068BE93 /* FitnessUITestsLaunchTests.swift */ = {isa = PBXFileReference; lastKnownFileType = sourcecode.swift; path = FitnessUITestsLaunchTests.swift; sourceTree = "<group>"; };
		D93B1AD32B03CB630068BE93 /* SummaryView.swift */ = {isa = PBXFileReference; lastKnownFileType = sourcecode.swift; path = SummaryView.swift; sourceTree = "<group>"; };
		D93B1AD52B04BEE80068BE93 /* ActivityView.swift */ = {isa = PBXFileReference; lastKnownFileType = sourcecode.swift; path = ActivityView.swift; sourceTree = "<group>"; };
		D93B1AD72B04C9070068BE93 /* Extensions.swift */ = {isa = PBXFileReference; lastKnownFileType = sourcecode.swift; path = Extensions.swift; sourceTree = "<group>"; };
		D94775022B0613F0002F1E37 /* CircleView.swift */ = {isa = PBXFileReference; lastKnownFileType = sourcecode.swift; path = CircleView.swift; sourceTree = "<group>"; };
		D94775082B06336A002F1E37 /* GraphView.swift */ = {isa = PBXFileReference; lastKnownFileType = sourcecode.swift; path = GraphView.swift; sourceTree = "<group>"; };
		D947750A2B06D281002F1E37 /* ActivityViewModel.swift */ = {isa = PBXFileReference; lastKnownFileType = sourcecode.swift; path = ActivityViewModel.swift; sourceTree = "<group>"; };
		D947750F2B07B069002F1E37 /* FooterView.swift */ = {isa = PBXFileReference; lastKnownFileType = sourcecode.swift; path = FooterView.swift; sourceTree = "<group>"; };
		D94775142B08E982002F1E37 /* NavBarView.swift */ = {isa = PBXFileReference; lastKnownFileType = sourcecode.swift; path = NavBarView.swift; sourceTree = "<group>"; };
		D947751D2B0C1659002F1E37 /* GifView.swift */ = {isa = PBXFileReference; lastKnownFileType = sourcecode.swift; path = GifView.swift; sourceTree = "<group>"; };
		D94775252B0C1D0B002F1E37 /* walking2.gif */ = {isa = PBXFileReference; lastKnownFileType = image.gif; name = walking2.gif; path = ../../../../Downloads/walking2.gif; sourceTree = "<group>"; };
		D9A34F342B0CFD160004B5EE /* Fitness.entitlements */ = {isa = PBXFileReference; lastKnownFileType = text.plist.entitlements; path = Fitness.entitlements; sourceTree = "<group>"; };
		D9A34F362B0D079A0004B5EE /* Step.swift */ = {isa = PBXFileReference; lastKnownFileType = sourcecode.swift; path = Step.swift; sourceTree = "<group>"; };
		D9F6D5502B0CF98500E06871 /* HealthStore.swift */ = {isa = PBXFileReference; lastKnownFileType = sourcecode.swift; path = HealthStore.swift; sourceTree = "<group>"; };
/* End PBXFileReference section */

/* Begin PBXFrameworksBuildPhase section */
		D93B1AA32B038F0D0068BE93 /* Frameworks */ = {
			isa = PBXFrameworksBuildPhase;
			buildActionMask = 2147483647;
			files = (
				D94775132B08E8D4002F1E37 /* SwiftUICharts in Frameworks */,
			);
			runOnlyForDeploymentPostprocessing = 0;
		};
		D93B1AB32B038F0F0068BE93 /* Frameworks */ = {
			isa = PBXFrameworksBuildPhase;
			buildActionMask = 2147483647;
			files = (
			);
			runOnlyForDeploymentPostprocessing = 0;
		};
		D93B1ABD2B038F0F0068BE93 /* Frameworks */ = {
			isa = PBXFrameworksBuildPhase;
			buildActionMask = 2147483647;
			files = (
			);
			runOnlyForDeploymentPostprocessing = 0;
		};
/* End PBXFrameworksBuildPhase section */

/* Begin PBXGroup section */
		D93B1A9D2B038F0D0068BE93 = {
			isa = PBXGroup;
			children = (
				D93B1AA82B038F0D0068BE93 /* Fitness */,
				D93B1AB92B038F0F0068BE93 /* FitnessTests */,
				D93B1AC32B038F0F0068BE93 /* FitnessUITests */,
				D93B1AA72B038F0D0068BE93 /* Products */,
			);
			sourceTree = "<group>";
		};
		D93B1AA72B038F0D0068BE93 /* Products */ = {
			isa = PBXGroup;
			children = (
				D93B1AA62B038F0D0068BE93 /* Fitness.app */,
				D93B1AB62B038F0F0068BE93 /* FitnessTests.xctest */,
				D93B1AC02B038F0F0068BE93 /* FitnessUITests.xctest */,
			);
			name = Products;
			sourceTree = "<group>";
		};
		D93B1AA82B038F0D0068BE93 /* Fitness */ = {
			isa = PBXGroup;
			children = (
				D9A34F342B0CFD160004B5EE /* Fitness.entitlements */,
				D93B1AA92B038F0D0068BE93 /* FitnessApp.swift */,
				D93B1AAB2B038F0D0068BE93 /* ContentView.swift */,
				D9A34F352B0D07850004B5EE /* Models */,
				D9F6D54F2B0CF97200E06871 /* Store */,
				D947751A2B0B58CC002F1E37 /* Summary */,
				D947750E2B0792CE002F1E37 /* Activity */,
				D947750A2B06D281002F1E37 /* ActivityViewModel.swift */,
				D93B1AD72B04C9070068BE93 /* Extensions.swift */,
				D93B1AAD2B038F0F0068BE93 /* Assets.xcassets */,
				D93B1AAF2B038F0F0068BE93 /* Preview Content */,
			);
			path = Fitness;
			sourceTree = "<group>";
		};
		D93B1AAF2B038F0F0068BE93 /* Preview Content */ = {
			isa = PBXGroup;
			children = (
				D93B1AB02B038F0F0068BE93 /* Preview Assets.xcassets */,
			);
			path = "Preview Content";
			sourceTree = "<group>";
		};
		D93B1AB92B038F0F0068BE93 /* FitnessTests */ = {
			isa = PBXGroup;
			children = (
				D93B1ABA2B038F0F0068BE93 /* FitnessTests.swift */,
			);
			path = FitnessTests;
			sourceTree = "<group>";
		};
		D93B1AC32B038F0F0068BE93 /* FitnessUITests */ = {
			isa = PBXGroup;
			children = (
				D93B1AC42B038F0F0068BE93 /* FitnessUITests.swift */,
				D93B1AC62B038F0F0068BE93 /* FitnessUITestsLaunchTests.swift */,
			);
			path = FitnessUITests;
			sourceTree = "<group>";
		};
		D947750E2B0792CE002F1E37 /* Activity */ = {
			isa = PBXGroup;
			children = (
				D93B1AD52B04BEE80068BE93 /* ActivityView.swift */,
				D94775022B0613F0002F1E37 /* CircleView.swift */,
				D94775082B06336A002F1E37 /* GraphView.swift */,
				D947750F2B07B069002F1E37 /* FooterView.swift */,
				D94775142B08E982002F1E37 /* NavBarView.swift */,
			);
			path = Activity;
			sourceTree = "<group>";
		};
		D947751A2B0B58CC002F1E37 /* Summary */ = {
			isa = PBXGroup;
			children = (
				D93B1AD32B03CB630068BE93 /* SummaryView.swift */,
				D947751D2B0C1659002F1E37 /* GifView.swift */,
				D94775252B0C1D0B002F1E37 /* walking2.gif */,
			);
			path = Summary;
			sourceTree = "<group>";
		};
		D9A34F352B0D07850004B5EE /* Models */ = {
			isa = PBXGroup;
			children = (
				D9A34F362B0D079A0004B5EE /* Step.swift */,
			);
			path = Models;
			sourceTree = "<group>";
		};
		D9F6D54F2B0CF97200E06871 /* Store */ = {
			isa = PBXGroup;
			children = (
				D9F6D5502B0CF98500E06871 /* HealthStore.swift */,
			);
			path = Store;
			sourceTree = "<group>";
		};
/* End PBXGroup section */

/* Begin PBXNativeTarget section */
		D93B1AA52B038F0D0068BE93 /* Fitness */ = {
			isa = PBXNativeTarget;
			buildConfigurationList = D93B1ACA2B038F0F0068BE93 /* Build configuration list for PBXNativeTarget "Fitness" */;
			buildPhases = (
				D93B1AA22B038F0D0068BE93 /* Sources */,
				D93B1AA32B038F0D0068BE93 /* Frameworks */,
				D93B1AA42B038F0D0068BE93 /* Resources */,
			);
			buildRules = (
			);
			dependencies = (
			);
			name = Fitness;
			packageProductDependencies = (
				D94775122B08E8D4002F1E37 /* SwiftUICharts */,
			);
			productName = Fitness;
			productReference = D93B1AA62B038F0D0068BE93 /* Fitness.app */;
			productType = "com.apple.product-type.application";
		};
		D93B1AB52B038F0F0068BE93 /* FitnessTests */ = {
			isa = PBXNativeTarget;
			buildConfigurationList = D93B1ACD2B038F0F0068BE93 /* Build configuration list for PBXNativeTarget "FitnessTests" */;
			buildPhases = (
				D93B1AB22B038F0F0068BE93 /* Sources */,
				D93B1AB32B038F0F0068BE93 /* Frameworks */,
				D93B1AB42B038F0F0068BE93 /* Resources */,
			);
			buildRules = (
			);
			dependencies = (
				D93B1AB82B038F0F0068BE93 /* PBXTargetDependency */,
			);
			name = FitnessTests;
			productName = FitnessTests;
			productReference = D93B1AB62B038F0F0068BE93 /* FitnessTests.xctest */;
			productType = "com.apple.product-type.bundle.unit-test";
		};
		D93B1ABF2B038F0F0068BE93 /* FitnessUITests */ = {
			isa = PBXNativeTarget;
			buildConfigurationList = D93B1AD02B038F0F0068BE93 /* Build configuration list for PBXNativeTarget "FitnessUITests" */;
			buildPhases = (
				D93B1ABC2B038F0F0068BE93 /* Sources */,
				D93B1ABD2B038F0F0068BE93 /* Frameworks */,
				D93B1ABE2B038F0F0068BE93 /* Resources */,
			);
			buildRules = (
			);
			dependencies = (
				D93B1AC22B038F0F0068BE93 /* PBXTargetDependency */,
			);
			name = FitnessUITests;
			productName = FitnessUITests;
			productReference = D93B1AC02B038F0F0068BE93 /* FitnessUITests.xctest */;
			productType = "com.apple.product-type.bundle.ui-testing";
		};
/* End PBXNativeTarget section */

/* Begin PBXProject section */
		D93B1A9E2B038F0D0068BE93 /* Project object */ = {
			isa = PBXProject;
			attributes = {
				BuildIndependentTargetsInParallel = 1;
				LastSwiftUpdateCheck = 1500;
				LastUpgradeCheck = 1500;
				TargetAttributes = {
					D93B1AA52B038F0D0068BE93 = {
						CreatedOnToolsVersion = 15.0;
					};
					D93B1AB52B038F0F0068BE93 = {
						CreatedOnToolsVersion = 15.0;
						TestTargetID = D93B1AA52B038F0D0068BE93;
					};
					D93B1ABF2B038F0F0068BE93 = {
						CreatedOnToolsVersion = 15.0;
						TestTargetID = D93B1AA52B038F0D0068BE93;
					};
				};
			};
			buildConfigurationList = D93B1AA12B038F0D0068BE93 /* Build configuration list for PBXProject "Fitness" */;
			compatibilityVersion = "Xcode 14.0";
			developmentRegion = en;
			hasScannedForEncodings = 0;
			knownRegions = (
				en,
				Base,
			);
			mainGroup = D93B1A9D2B038F0D0068BE93;
			packageReferences = (
				D94775112B08E8D4002F1E37 /* XCRemoteSwiftPackageReference "chartview" */,
			);
			productRefGroup = D93B1AA72B038F0D0068BE93 /* Products */;
			projectDirPath = "";
			projectRoot = "";
			targets = (
				D93B1AA52B038F0D0068BE93 /* Fitness */,
				D93B1AB52B038F0F0068BE93 /* FitnessTests */,
				D93B1ABF2B038F0F0068BE93 /* FitnessUITests */,
			);
		};
/* End PBXProject section */

/* Begin PBXResourcesBuildPhase section */
		D93B1AA42B038F0D0068BE93 /* Resources */ = {
			isa = PBXResourcesBuildPhase;
			buildActionMask = 2147483647;
			files = (
				D93B1AB12B038F0F0068BE93 /* Preview Assets.xcassets in Resources */,
				D93B1AAE2B038F0F0068BE93 /* Assets.xcassets in Resources */,
				D94775262B0C1D0B002F1E37 /* walking2.gif in Resources */,
			);
			runOnlyForDeploymentPostprocessing = 0;
		};
		D93B1AB42B038F0F0068BE93 /* Resources */ = {
			isa = PBXResourcesBuildPhase;
			buildActionMask = 2147483647;
			files = (
			);
			runOnlyForDeploymentPostprocessing = 0;
		};
		D93B1ABE2B038F0F0068BE93 /* Resources */ = {
			isa = PBXResourcesBuildPhase;
			buildActionMask = 2147483647;
			files = (
			);
			runOnlyForDeploymentPostprocessing = 0;
		};
/* End PBXResourcesBuildPhase section */

/* Begin PBXSourcesBuildPhase section */
		D93B1AA22B038F0D0068BE93 /* Sources */ = {
			isa = PBXSourcesBuildPhase;
			buildActionMask = 2147483647;
			files = (
				D94775032B0613F0002F1E37 /* CircleView.swift in Sources */,
				D93B1AD82B04C9070068BE93 /* Extensions.swift in Sources */,
				D93B1AAC2B038F0D0068BE93 /* ContentView.swift in Sources */,
				D9A34F372B0D079A0004B5EE /* Step.swift in Sources */,
				D94775102B07B069002F1E37 /* FooterView.swift in Sources */,
				D94775152B08E982002F1E37 /* NavBarView.swift in Sources */,
				D947751E2B0C1659002F1E37 /* GifView.swift in Sources */,
				D9F6D5512B0CF98500E06871 /* HealthStore.swift in Sources */,
				D93B1AD62B04BEE80068BE93 /* ActivityView.swift in Sources */,
				D93B1AAA2B038F0D0068BE93 /* FitnessApp.swift in Sources */,
				D93B1AD42B03CB630068BE93 /* SummaryView.swift in Sources */,
				D94775092B06336A002F1E37 /* GraphView.swift in Sources */,
				D947750B2B06D281002F1E37 /* ActivityViewModel.swift in Sources */,
			);
			runOnlyForDeploymentPostprocessing = 0;
		};
		D93B1AB22B038F0F0068BE93 /* Sources */ = {
			isa = PBXSourcesBuildPhase;
			buildActionMask = 2147483647;
			files = (
				D93B1ABB2B038F0F0068BE93 /* FitnessTests.swift in Sources */,
			);
			runOnlyForDeploymentPostprocessing = 0;
		};
		D93B1ABC2B038F0F0068BE93 /* Sources */ = {
			isa = PBXSourcesBuildPhase;
			buildActionMask = 2147483647;
			files = (
				D93B1AC52B038F0F0068BE93 /* FitnessUITests.swift in Sources */,
				D93B1AC72B038F0F0068BE93 /* FitnessUITestsLaunchTests.swift in Sources */,
			);
			runOnlyForDeploymentPostprocessing = 0;
		};
/* End PBXSourcesBuildPhase section */

/* Begin PBXTargetDependency section */
		D93B1AB82B038F0F0068BE93 /* PBXTargetDependency */ = {
			isa = PBXTargetDependency;
			target = D93B1AA52B038F0D0068BE93 /* Fitness */;
			targetProxy = D93B1AB72B038F0F0068BE93 /* PBXContainerItemProxy */;
		};
		D93B1AC22B038F0F0068BE93 /* PBXTargetDependency */ = {
			isa = PBXTargetDependency;
			target = D93B1AA52B038F0D0068BE93 /* Fitness */;
			targetProxy = D93B1AC12B038F0F0068BE93 /* PBXContainerItemProxy */;
		};
/* End PBXTargetDependency section */

/* Begin XCBuildConfiguration section */
		D93B1AC82B038F0F0068BE93 /* Debug */ = {
			isa = XCBuildConfiguration;
			buildSettings = {
				ALWAYS_SEARCH_USER_PATHS = NO;
				ASSETCATALOG_COMPILER_GENERATE_SWIFT_ASSET_SYMBOL_EXTENSIONS = YES;
				CLANG_ANALYZER_NONNULL = YES;
				CLANG_ANALYZER_NUMBER_OBJECT_CONVERSION = YES_AGGRESSIVE;
				CLANG_CXX_LANGUAGE_STANDARD = "gnu++20";
				CLANG_ENABLE_MODULES = YES;
				CLANG_ENABLE_OBJC_ARC = YES;
				CLANG_ENABLE_OBJC_WEAK = YES;
				CLANG_WARN_BLOCK_CAPTURE_AUTORELEASING = YES;
				CLANG_WARN_BOOL_CONVERSION = YES;
				CLANG_WARN_COMMA = YES;
				CLANG_WARN_CONSTANT_CONVERSION = YES;
				CLANG_WARN_DEPRECATED_OBJC_IMPLEMENTATIONS = YES;
				CLANG_WARN_DIRECT_OBJC_ISA_USAGE = YES_ERROR;
				CLANG_WARN_DOCUMENTATION_COMMENTS = YES;
				CLANG_WARN_EMPTY_BODY = YES;
				CLANG_WARN_ENUM_CONVERSION = YES;
				CLANG_WARN_INFINITE_RECURSION = YES;
				CLANG_WARN_INT_CONVERSION = YES;
				CLANG_WARN_NON_LITERAL_NULL_CONVERSION = YES;
				CLANG_WARN_OBJC_IMPLICIT_RETAIN_SELF = YES;
				CLANG_WARN_OBJC_LITERAL_CONVERSION = YES;
				CLANG_WARN_OBJC_ROOT_CLASS = YES_ERROR;
				CLANG_WARN_QUOTED_INCLUDE_IN_FRAMEWORK_HEADER = YES;
				CLANG_WARN_RANGE_LOOP_ANALYSIS = YES;
				CLANG_WARN_STRICT_PROTOTYPES = YES;
				CLANG_WARN_SUSPICIOUS_MOVE = YES;
				CLANG_WARN_UNGUARDED_AVAILABILITY = YES_AGGRESSIVE;
				CLANG_WARN_UNREACHABLE_CODE = YES;
				CLANG_WARN__DUPLICATE_METHOD_MATCH = YES;
				COPY_PHASE_STRIP = NO;
				DEBUG_INFORMATION_FORMAT = dwarf;
				ENABLE_STRICT_OBJC_MSGSEND = YES;
				ENABLE_TESTABILITY = YES;
				ENABLE_USER_SCRIPT_SANDBOXING = YES;
				GCC_C_LANGUAGE_STANDARD = gnu17;
				GCC_DYNAMIC_NO_PIC = NO;
				GCC_NO_COMMON_BLOCKS = YES;
				GCC_OPTIMIZATION_LEVEL = 0;
				GCC_PREPROCESSOR_DEFINITIONS = (
					"DEBUG=1",
					"$(inherited)",
				);
				GCC_WARN_64_TO_32_BIT_CONVERSION = YES;
				GCC_WARN_ABOUT_RETURN_TYPE = YES_ERROR;
				GCC_WARN_UNDECLARED_SELECTOR = YES;
				GCC_WARN_UNINITIALIZED_AUTOS = YES_AGGRESSIVE;
				GCC_WARN_UNUSED_FUNCTION = YES;
				GCC_WARN_UNUSED_VARIABLE = YES;
				IPHONEOS_DEPLOYMENT_TARGET = 17.0;
				LOCALIZATION_PREFERS_STRING_CATALOGS = YES;
				MTL_ENABLE_DEBUG_INFO = INCLUDE_SOURCE;
				MTL_FAST_MATH = YES;
				ONLY_ACTIVE_ARCH = YES;
				SDKROOT = iphoneos;
				SWIFT_ACTIVE_COMPILATION_CONDITIONS = "DEBUG $(inherited)";
				SWIFT_OPTIMIZATION_LEVEL = "-Onone";
			};
			name = Debug;
		};
		D93B1AC92B038F0F0068BE93 /* Release */ = {
			isa = XCBuildConfiguration;
			buildSettings = {
				ALWAYS_SEARCH_USER_PATHS = NO;
				ASSETCATALOG_COMPILER_GENERATE_SWIFT_ASSET_SYMBOL_EXTENSIONS = YES;
				CLANG_ANALYZER_NONNULL = YES;
				CLANG_ANALYZER_NUMBER_OBJECT_CONVERSION = YES_AGGRESSIVE;
				CLANG_CXX_LANGUAGE_STANDARD = "gnu++20";
				CLANG_ENABLE_MODULES = YES;
				CLANG_ENABLE_OBJC_ARC = YES;
				CLANG_ENABLE_OBJC_WEAK = YES;
				CLANG_WARN_BLOCK_CAPTURE_AUTORELEASING = YES;
				CLANG_WARN_BOOL_CONVERSION = YES;
				CLANG_WARN_COMMA = YES;
				CLANG_WARN_CONSTANT_CONVERSION = YES;
				CLANG_WARN_DEPRECATED_OBJC_IMPLEMENTATIONS = YES;
				CLANG_WARN_DIRECT_OBJC_ISA_USAGE = YES_ERROR;
				CLANG_WARN_DOCUMENTATION_COMMENTS = YES;
				CLANG_WARN_EMPTY_BODY = YES;
				CLANG_WARN_ENUM_CONVERSION = YES;
				CLANG_WARN_INFINITE_RECURSION = YES;
				CLANG_WARN_INT_CONVERSION = YES;
				CLANG_WARN_NON_LITERAL_NULL_CONVERSION = YES;
				CLANG_WARN_OBJC_IMPLICIT_RETAIN_SELF = YES;
				CLANG_WARN_OBJC_LITERAL_CONVERSION = YES;
				CLANG_WARN_OBJC_ROOT_CLASS = YES_ERROR;
				CLANG_WARN_QUOTED_INCLUDE_IN_FRAMEWORK_HEADER = YES;
				CLANG_WARN_RANGE_LOOP_ANALYSIS = YES;
				CLANG_WARN_STRICT_PROTOTYPES = YES;
				CLANG_WARN_SUSPICIOUS_MOVE = YES;
				CLANG_WARN_UNGUARDED_AVAILABILITY = YES_AGGRESSIVE;
				CLANG_WARN_UNREACHABLE_CODE = YES;
				CLANG_WARN__DUPLICATE_METHOD_MATCH = YES;
				COPY_PHASE_STRIP = NO;
				DEBUG_INFORMATION_FORMAT = "dwarf-with-dsym";
				ENABLE_NS_ASSERTIONS = NO;
				ENABLE_STRICT_OBJC_MSGSEND = YES;
				ENABLE_USER_SCRIPT_SANDBOXING = YES;
				GCC_C_LANGUAGE_STANDARD = gnu17;
				GCC_NO_COMMON_BLOCKS = YES;
				GCC_WARN_64_TO_32_BIT_CONVERSION = YES;
				GCC_WARN_ABOUT_RETURN_TYPE = YES_ERROR;
				GCC_WARN_UNDECLARED_SELECTOR = YES;
				GCC_WARN_UNINITIALIZED_AUTOS = YES_AGGRESSIVE;
				GCC_WARN_UNUSED_FUNCTION = YES;
				GCC_WARN_UNUSED_VARIABLE = YES;
				IPHONEOS_DEPLOYMENT_TARGET = 17.0;
				LOCALIZATION_PREFERS_STRING_CATALOGS = YES;
				MTL_ENABLE_DEBUG_INFO = NO;
				MTL_FAST_MATH = YES;
				SDKROOT = iphoneos;
				SWIFT_COMPILATION_MODE = wholemodule;
				VALIDATE_PRODUCT = YES;
			};
			name = Release;
		};
		D93B1ACB2B038F0F0068BE93 /* Debug */ = {
			isa = XCBuildConfiguration;
			buildSettings = {
				ASSETCATALOG_COMPILER_APPICON_NAME = AppIcon;
				ASSETCATALOG_COMPILER_GLOBAL_ACCENT_COLOR_NAME = AccentColor;
				CODE_SIGN_ENTITLEMENTS = Fitness/Fitness.entitlements;
				CODE_SIGN_STYLE = Automatic;
				CURRENT_PROJECT_VERSION = 1;
				DEVELOPMENT_ASSET_PATHS = "\"Fitness/Preview Content\"";
				DEVELOPMENT_TEAM = ADA3W5SAF7;
				ENABLE_PREVIEWS = YES;
				GENERATE_INFOPLIST_FILE = YES;
				INFOPLIST_KEY_NSHealthShareUsageDescription = "This app requires permission to work correvtly.";
				INFOPLIST_KEY_NSHealthUpdateUsageDescription = "This app requires permission to work correvtly.";
				INFOPLIST_KEY_UIApplicationSceneManifest_Generation = YES;
				INFOPLIST_KEY_UIApplicationSupportsIndirectInputEvents = YES;
				INFOPLIST_KEY_UILaunchScreen_Generation = YES;
				INFOPLIST_KEY_UISupportedInterfaceOrientations_iPad = "UIInterfaceOrientationPortrait UIInterfaceOrientationPortraitUpsideDown UIInterfaceOrientationLandscapeLeft UIInterfaceOrientationLandscapeRight";
				INFOPLIST_KEY_UISupportedInterfaceOrientations_iPhone = "UIInterfaceOrientationPortrait UIInterfaceOrientationLandscapeLeft UIInterfaceOrientationLandscapeRight";
				LD_RUNPATH_SEARCH_PATHS = (
					"$(inherited)",
					"@executable_path/Frameworks",
				);
				MARKETING_VERSION = 1.0;
				PRODUCT_BUNDLE_IDENTIFIER = com.appdeveloperproject.Fitness;
				PRODUCT_NAME = "$(TARGET_NAME)";
				SWIFT_EMIT_LOC_STRINGS = YES;
				SWIFT_VERSION = 5.0;
				TARGETED_DEVICE_FAMILY = "1,2";
			};
			name = Debug;
		};
		D93B1ACC2B038F0F0068BE93 /* Release */ = {
			isa = XCBuildConfiguration;
			buildSettings = {
				ASSETCATALOG_COMPILER_APPICON_NAME = AppIcon;
				ASSETCATALOG_COMPILER_GLOBAL_ACCENT_COLOR_NAME = AccentColor;
				CODE_SIGN_ENTITLEMENTS = Fitness/Fitness.entitlements;
				CODE_SIGN_STYLE = Automatic;
				CURRENT_PROJECT_VERSION = 1;
				DEVELOPMENT_ASSET_PATHS = "\"Fitness/Preview Content\"";
				DEVELOPMENT_TEAM = ADA3W5SAF7;
				ENABLE_PREVIEWS = YES;
				GENERATE_INFOPLIST_FILE = YES;
				INFOPLIST_KEY_NSHealthShareUsageDescription = "This app requires permission to work correvtly.";
				INFOPLIST_KEY_NSHealthUpdateUsageDescription = "This app requires permission to work correvtly.";
				INFOPLIST_KEY_UIApplicationSceneManifest_Generation = YES;
				INFOPLIST_KEY_UIApplicationSupportsIndirectInputEvents = YES;
				INFOPLIST_KEY_UILaunchScreen_Generation = YES;
				INFOPLIST_KEY_UISupportedInterfaceOrientations_iPad = "UIInterfaceOrientationPortrait UIInterfaceOrientationPortraitUpsideDown UIInterfaceOrientationLandscapeLeft UIInterfaceOrientationLandscapeRight";
				INFOPLIST_KEY_UISupportedInterfaceOrientations_iPhone = "UIInterfaceOrientationPortrait UIInterfaceOrientationLandscapeLeft UIInterfaceOrientationLandscapeRight";
				LD_RUNPATH_SEARCH_PATHS = (
					"$(inherited)",
					"@executable_path/Frameworks",
				);
				MARKETING_VERSION = 1.0;
				PRODUCT_BUNDLE_IDENTIFIER = com.appdeveloperproject.Fitness;
				PRODUCT_NAME = "$(TARGET_NAME)";
				SWIFT_EMIT_LOC_STRINGS = YES;
				SWIFT_VERSION = 5.0;
				TARGETED_DEVICE_FAMILY = "1,2";
			};
			name = Release;
		};
		D93B1ACE2B038F0F0068BE93 /* Debug */ = {
			isa = XCBuildConfiguration;
			buildSettings = {
				ALWAYS_EMBED_SWIFT_STANDARD_LIBRARIES = YES;
				BUNDLE_LOADER = "$(TEST_HOST)";
				CODE_SIGN_STYLE = Automatic;
				CURRENT_PROJECT_VERSION = 1;
				DEVELOPMENT_TEAM = ADA3W5SAF7;
				GENERATE_INFOPLIST_FILE = YES;
				IPHONEOS_DEPLOYMENT_TARGET = 17.0;
				MARKETING_VERSION = 1.0;
				PRODUCT_BUNDLE_IDENTIFIER = com.appdeveloperproject.FitnessTests;
				PRODUCT_NAME = "$(TARGET_NAME)";
				SWIFT_EMIT_LOC_STRINGS = NO;
				SWIFT_VERSION = 5.0;
				TARGETED_DEVICE_FAMILY = "1,2";
				TEST_HOST = "$(BUILT_PRODUCTS_DIR)/Fitness.app/$(BUNDLE_EXECUTABLE_FOLDER_PATH)/Fitness";
			};
			name = Debug;
		};
		D93B1ACF2B038F0F0068BE93 /* Release */ = {
			isa = XCBuildConfiguration;
			buildSettings = {
				ALWAYS_EMBED_SWIFT_STANDARD_LIBRARIES = YES;
				BUNDLE_LOADER = "$(TEST_HOST)";
				CODE_SIGN_STYLE = Automatic;
				CURRENT_PROJECT_VERSION = 1;
				DEVELOPMENT_TEAM = ADA3W5SAF7;
				GENERATE_INFOPLIST_FILE = YES;
				IPHONEOS_DEPLOYMENT_TARGET = 17.0;
				MARKETING_VERSION = 1.0;
				PRODUCT_BUNDLE_IDENTIFIER = com.appdeveloperproject.FitnessTests;
				PRODUCT_NAME = "$(TARGET_NAME)";
				SWIFT_EMIT_LOC_STRINGS = NO;
				SWIFT_VERSION = 5.0;
				TARGETED_DEVICE_FAMILY = "1,2";
				TEST_HOST = "$(BUILT_PRODUCTS_DIR)/Fitness.app/$(BUNDLE_EXECUTABLE_FOLDER_PATH)/Fitness";
			};
			name = Release;
		};
		D93B1AD12B038F0F0068BE93 /* Debug */ = {
			isa = XCBuildConfiguration;
			buildSettings = {
				ALWAYS_EMBED_SWIFT_STANDARD_LIBRARIES = YES;
				CODE_SIGN_STYLE = Automatic;
				CURRENT_PROJECT_VERSION = 1;
				DEVELOPMENT_TEAM = ADA3W5SAF7;
				GENERATE_INFOPLIST_FILE = YES;
				MARKETING_VERSION = 1.0;
				PRODUCT_BUNDLE_IDENTIFIER = com.appdeveloperproject.FitnessUITests;
				PRODUCT_NAME = "$(TARGET_NAME)";
				SWIFT_EMIT_LOC_STRINGS = NO;
				SWIFT_VERSION = 5.0;
				TARGETED_DEVICE_FAMILY = "1,2";
				TEST_TARGET_NAME = Fitness;
			};
			name = Debug;
		};
		D93B1AD22B038F0F0068BE93 /* Release */ = {
			isa = XCBuildConfiguration;
			buildSettings = {
				ALWAYS_EMBED_SWIFT_STANDARD_LIBRARIES = YES;
				CODE_SIGN_STYLE = Automatic;
				CURRENT_PROJECT_VERSION = 1;
				DEVELOPMENT_TEAM = ADA3W5SAF7;
				GENERATE_INFOPLIST_FILE = YES;
				MARKETING_VERSION = 1.0;
				PRODUCT_BUNDLE_IDENTIFIER = com.appdeveloperproject.FitnessUITests;
				PRODUCT_NAME = "$(TARGET_NAME)";
				SWIFT_EMIT_LOC_STRINGS = NO;
				SWIFT_VERSION = 5.0;
				TARGETED_DEVICE_FAMILY = "1,2";
				TEST_TARGET_NAME = Fitness;
			};
			name = Release;
		};
/* End XCBuildConfiguration section */

/* Begin XCConfigurationList section */
		D93B1AA12B038F0D0068BE93 /* Build configuration list for PBXProject "Fitness" */ = {
			isa = XCConfigurationList;
			buildConfigurations = (
				D93B1AC82B038F0F0068BE93 /* Debug */,
				D93B1AC92B038F0F0068BE93 /* Release */,
			);
			defaultConfigurationIsVisible = 0;
			defaultConfigurationName = Release;
		};
		D93B1ACA2B038F0F0068BE93 /* Build configuration list for PBXNativeTarget "Fitness" */ = {
			isa = XCConfigurationList;
			buildConfigurations = (
				D93B1ACB2B038F0F0068BE93 /* Debug */,
				D93B1ACC2B038F0F0068BE93 /* Release */,
			);
			defaultConfigurationIsVisible = 0;
			defaultConfigurationName = Release;
		};
		D93B1ACD2B038F0F0068BE93 /* Build configuration list for PBXNativeTarget "FitnessTests" */ = {
			isa = XCConfigurationList;
			buildConfigurations = (
				D93B1ACE2B038F0F0068BE93 /* Debug */,
				D93B1ACF2B038F0F0068BE93 /* Release */,
			);
			defaultConfigurationIsVisible = 0;
			defaultConfigurationName = Release;
		};
		D93B1AD02B038F0F0068BE93 /* Build configuration list for PBXNativeTarget "FitnessUITests" */ = {
			isa = XCConfigurationList;
			buildConfigurations = (
				D93B1AD12B038F0F0068BE93 /* Debug */,
				D93B1AD22B038F0F0068BE93 /* Release */,
			);
			defaultConfigurationIsVisible = 0;
			defaultConfigurationName = Release;
		};
/* End XCConfigurationList section */

/* Begin XCRemoteSwiftPackageReference section */
		D94775112B08E8D4002F1E37 /* XCRemoteSwiftPackageReference "chartview" */ = {
			isa = XCRemoteSwiftPackageReference;
			repositoryURL = "https://github.com/apppear/chartview.git";
			requirement = {
				kind = upToNextMajorVersion;
				minimumVersion = 1.5.5;
			};
		};
/* End XCRemoteSwiftPackageReference section */

/* Begin XCSwiftPackageProductDependency section */
		D94775122B08E8D4002F1E37 /* SwiftUICharts */ = {
			isa = XCSwiftPackageProductDependency;
			package = D94775112B08E8D4002F1E37 /* XCRemoteSwiftPackageReference "chartview" */;
			productName = SwiftUICharts;
		};
/* End XCSwiftPackageProductDependency section */
	};
	rootObject = D93B1A9E2B038F0D0068BE93 /* Project object */;
}
